
Microsoft Visual Studio Solution File, Format Version 12.00
# Visual Studio Version 17
VisualStudioVersion = 17.7.34018.315
MinimumVisualStudioVersion = 10.0.40219.1
Project("{FAE04EC0-301F-11D3-BF4B-00C04F79EFBC}") = "TestCustomerController", "TestCustomerController\TestCustomerController.csproj", "{B177A94A-2D3F-4A50-99C6-5BF8973F1A1A}"
EndProject
Project("{FAE04EC0-301F-11D3-BF4B-00C04F79EFBC}") = "CustomerLibrary", "CustomerLibrary\CustomerLibrary.csproj", "{B3297056-955D-4611-A026-8328EC6B05F0}"
EndProject
Global
	GlobalSection(SolutionConfigurationPlatforms) = preSolution
		Debug|Any CPU = Debug|Any CPU
		Release|Any CPU = Release|Any CPU
	EndGlobalSection
	GlobalSection(ProjectConfigurationPlatforms) = postSolution
		{B177A94A-2D3F-4A50-99C6-5BF8973F1A1A}.Debug|Any CPU.ActiveCfg = Debug|Any CPU
		{B177A94A-2D3F-4A50-99C6-5BF8973F1A1A}.Debug|Any CPU.Build.0 = Debug|Any CPU
		{B177A94A-2D3F-4A50-99C6-5BF8973F1A1A}.Release|Any CPU.ActiveCfg = Release|Any CPU
		{B177A94A-2D3F-4A50-99C6-5BF8973F1A1A}.Release|Any CPU.Build.0 = Release|Any CPU
		{B3297056-955D-4611-A026-8328EC6B05F0}.Debug|Any CPU.ActiveCfg = Debug|Any CPU
		{B3297056-955D-4611-A026-8328EC6B05F0}.Debug|Any CPU.Build.0 = Debug|Any CPU
		{B3297056-955D-4611-A026-8328EC6B05F0}.Release|Any CPU.ActiveCfg = Release|Any CPU
		{B3297056-955D-4611-A026-8328EC6B05F0}.Release|Any CPU.Build.0 = Release|Any CPU
	EndGlobalSection
	GlobalSection(SolutionProperties) = preSolution
		HideSolutionNode = FALSE
	EndGlobalSection
	GlobalSection(ExtensibilityGlobals) = postSolution
		SolutionGuid = {AC430A88-51AE-4C6E-9F8E-82BD2157BBD6}
	EndGlobalSection
EndGlobal
